
Microsoft Visual Studio Solution File, Format Version 12.00
# Visual Studio 15
VisualStudioVersion = 15.0.27703.2035
MinimumVisualStudioVersion = 10.0.40219.1
Project("{FAE04EC0-301F-11D3-BF4B-00C04F79EFBC}") = "Strategy", "Strategy\Strategy.csproj", "{E4F761FE-D3A3-400E-B7A7-060D29511DAD}"
EndProject
Project("{2150E333-8FDC-42A3-9474-1A3956D46DE8}") = "Strategy", "Strategy", "{71FD8AC4-42B8-4A68-A2E0-7C5ECE6C6FFD}"
EndProject
Project("{2150E333-8FDC-42A3-9474-1A3956D46DE8}") = "Adapter", "Adapter", "{8ACA359C-60D1-427E-9701-D8B4BD7276F4}"
EndProject
Project("{2150E333-8FDC-42A3-9474-1A3956D46DE8}") = "Facade", "Facade", "{2D9753D2-FF6A-4202-8846-DA004D13F321}"
EndProject
Project("{2150E333-8FDC-42A3-9474-1A3956D46DE8}") = "AbstractFactory", "AbstractFactory", "{70DF03D9-ADD3-4011-8321-8D8964B51673}"
EndProject
Project("{2150E333-8FDC-42A3-9474-1A3956D46DE8}") = "Factory Method", "Factory Method", "{9459B713-CA97-4602-BA6C-0554D7DED3DC}"
EndProject
Project("{2150E333-8FDC-42A3-9474-1A3956D46DE8}") = "Null Object", "Null Object", "{B92624BD-8151-4A4E-8491-1F6F0E4B5B01}"
EndProject
Project("{2150E333-8FDC-42A3-9474-1A3956D46DE8}") = "Creational Patterns", "Creational Patterns", "{6CA3F406-5B2C-449C-B227-1EA28EB261EF}"
EndProject
Project("{2150E333-8FDC-42A3-9474-1A3956D46DE8}") = "Structural Patterns", "Structural Patterns", "{16E6A33E-3C42-4717-BB57-0433ABAB6A8D}"
EndProject
Project("{2150E333-8FDC-42A3-9474-1A3956D46DE8}") = "Behavioral Patterns", "Behavioral Patterns", "{C3168A4C-163A-4A16-A690-7B0428322A47}"
EndProject
Project("{2150E333-8FDC-42A3-9474-1A3956D46DE8}") = "Template Method", "Template Method", "{9521C76E-AAA3-4DE4-8BA6-1A3F1FEA973D}"
EndProject
Project("{2150E333-8FDC-42A3-9474-1A3956D46DE8}") = "Iterator", "Iterator", "{3D0784EB-AC38-438A-B0AB-672044AC608F}"
EndProject
Project("{2150E333-8FDC-42A3-9474-1A3956D46DE8}") = "Bridge", "Bridge", "{1732D850-EC0F-448D-8DD5-9860A015D662}"
EndProject
Project("{2150E333-8FDC-42A3-9474-1A3956D46DE8}") = "Decorator", "Decorator", "{E6608CC7-52A1-4401-84A6-444CE61D6A74}"
EndProject
Project("{2150E333-8FDC-42A3-9474-1A3956D46DE8}") = "Flyweight", "Flyweight", "{5B8B5030-9C5E-47C8-87E5-E2C42BE0C5C5}"
EndProject
Project("{2150E333-8FDC-42A3-9474-1A3956D46DE8}") = "Prototype", "Prototype", "{C8CE3ED1-1C05-4DD7-AE64-033563CEBDBB}"
EndProject
Project("{2150E333-8FDC-42A3-9474-1A3956D46DE8}") = "Object Pool", "Object Pool", "{2C529025-B62F-49FF-93E8-5B0748D76A90}"
EndProject
Project("{FAE04EC0-301F-11D3-BF4B-00C04F79EFBC}") = "NullObject", "NullObject\NullObject.csproj", "{1681D0CD-E8AC-40FE-B073-1AAF49E615E6}"
EndProject
Global
	GlobalSection(SolutionConfigurationPlatforms) = preSolution
		Debug|Any CPU = Debug|Any CPU
		Release|Any CPU = Release|Any CPU
	EndGlobalSection
	GlobalSection(ProjectConfigurationPlatforms) = postSolution
		{E4F761FE-D3A3-400E-B7A7-060D29511DAD}.Debug|Any CPU.ActiveCfg = Debug|Any CPU
		{E4F761FE-D3A3-400E-B7A7-060D29511DAD}.Debug|Any CPU.Build.0 = Debug|Any CPU
		{E4F761FE-D3A3-400E-B7A7-060D29511DAD}.Release|Any CPU.ActiveCfg = Release|Any CPU
		{E4F761FE-D3A3-400E-B7A7-060D29511DAD}.Release|Any CPU.Build.0 = Release|Any CPU
		{1681D0CD-E8AC-40FE-B073-1AAF49E615E6}.Debug|Any CPU.ActiveCfg = Debug|Any CPU
		{1681D0CD-E8AC-40FE-B073-1AAF49E615E6}.Debug|Any CPU.Build.0 = Debug|Any CPU
		{1681D0CD-E8AC-40FE-B073-1AAF49E615E6}.Release|Any CPU.ActiveCfg = Release|Any CPU
		{1681D0CD-E8AC-40FE-B073-1AAF49E615E6}.Release|Any CPU.Build.0 = Release|Any CPU
	EndGlobalSection
	GlobalSection(SolutionProperties) = preSolution
		HideSolutionNode = FALSE
	EndGlobalSection
	GlobalSection(NestedProjects) = preSolution
		{E4F761FE-D3A3-400E-B7A7-060D29511DAD} = {71FD8AC4-42B8-4A68-A2E0-7C5ECE6C6FFD}
		{71FD8AC4-42B8-4A68-A2E0-7C5ECE6C6FFD} = {C3168A4C-163A-4A16-A690-7B0428322A47}
		{8ACA359C-60D1-427E-9701-D8B4BD7276F4} = {16E6A33E-3C42-4717-BB57-0433ABAB6A8D}
		{2D9753D2-FF6A-4202-8846-DA004D13F321} = {16E6A33E-3C42-4717-BB57-0433ABAB6A8D}
		{70DF03D9-ADD3-4011-8321-8D8964B51673} = {6CA3F406-5B2C-449C-B227-1EA28EB261EF}
		{9459B713-CA97-4602-BA6C-0554D7DED3DC} = {6CA3F406-5B2C-449C-B227-1EA28EB261EF}
		{B92624BD-8151-4A4E-8491-1F6F0E4B5B01} = {C3168A4C-163A-4A16-A690-7B0428322A47}
		{9521C76E-AAA3-4DE4-8BA6-1A3F1FEA973D} = {C3168A4C-163A-4A16-A690-7B0428322A47}
		{3D0784EB-AC38-438A-B0AB-672044AC608F} = {C3168A4C-163A-4A16-A690-7B0428322A47}
		{1732D850-EC0F-448D-8DD5-9860A015D662} = {16E6A33E-3C42-4717-BB57-0433ABAB6A8D}
		{E6608CC7-52A1-4401-84A6-444CE61D6A74} = {16E6A33E-3C42-4717-BB57-0433ABAB6A8D}
		{5B8B5030-9C5E-47C8-87E5-E2C42BE0C5C5} = {16E6A33E-3C42-4717-BB57-0433ABAB6A8D}
		{C8CE3ED1-1C05-4DD7-AE64-033563CEBDBB} = {6CA3F406-5B2C-449C-B227-1EA28EB261EF}
		{2C529025-B62F-49FF-93E8-5B0748D76A90} = {6CA3F406-5B2C-449C-B227-1EA28EB261EF}
		{1681D0CD-E8AC-40FE-B073-1AAF49E615E6} = {B92624BD-8151-4A4E-8491-1F6F0E4B5B01}
	EndGlobalSection
	GlobalSection(ExtensibilityGlobals) = postSolution
		SolutionGuid = {6307F40A-DE58-401A-B006-C81261DA99DA}
	EndGlobalSection
EndGlobal
